github.com/pires/go-proxyproto v0.8.0 h1:5unRmEAPbHXHuLjDg01CxJWf91cw3lKHc/0xzKpXEe0=
github.com/pires/go-proxyproto v0.8.0/go.mod h1:iknsfgnH8EkjrMeMyvfKByp9TiBZCKZM0jx2xmKqnVY=
github.com/pires/go-proxyproto v0.8.1 h1:9KEixbdJfhrbtjpz/ZwCdWDD2Xem0NZ38qMYaASJgp0=
github.com/pires/go-proxyproto v0.8.1/go.mod h1:ZKAAyp3cgy5Y5Mo4n9AlScrkCZwUy0g3Jf+slqQVcuU=
gopkg.in/check.v1 v0.0.0-20161208181325-20d25e280405/go.mod h1:Co6ibVJAznAaIkqp8huTwlJQCZ016jof/cbN4VW5Yz0=
gopkg.in/yaml.v2 v2.4.0 h1:D8xgwECY7CYvx+Y2n4sBz93Jn9JRvxdiyyo8CTfuKaY=
gopkg.in/yaml.v2 v2.4.0/go.mod h1:RDklbk79AGWmwhnvt/jBztapEOGDOx6ZbXqjP6csGnQ=
